
Microsoft Visual Studio Solution File, Format Version 12.00
# Visual Studio Version 17
VisualStudioVersion = 17.5.002.0
MinimumVisualStudioVersion = 10.0.40219.1
Project("{9A19103F-16F7-4668-BE54-9A1E7A4F7556}") = "Azure.AI.Search.ConsoleApp", "Azure.AI.Search.ConsoleApp\Azure.AI.Search.ConsoleApp.csproj", "{F1D40C71-B3E5-412B-93C3-4B802E88DE17}"
EndProject
Global
	GlobalSection(SolutionConfigurationPlatforms) = preSolution
		Debug|Any CPU = Debug|Any CPU
		Release|Any CPU = Release|Any CPU
	EndGlobalSection
	GlobalSection(ProjectConfigurationPlatforms) = postSolution
		{F1D40C71-B3E5-412B-93C3-4B802E88DE17}.Debug|Any CPU.ActiveCfg = Debug|Any CPU
		{F1D40C71-B3E5-412B-93C3-4B802E88DE17}.Debug|Any CPU.Build.0 = Debug|Any CPU
		{F1D40C71-B3E5-412B-93C3-4B802E88DE17}.Release|Any CPU.ActiveCfg = Release|Any CPU
		{F1D40C71-B3E5-412B-93C3-4B802E88DE17}.Release|Any CPU.Build.0 = Release|Any CPU
	EndGlobalSection
	GlobalSection(SolutionProperties) = preSolution
		HideSolutionNode = FALSE
	EndGlobalSection
	GlobalSection(ExtensibilityGlobals) = postSolution
		SolutionGuid = {2C2ED070-345B-4CEC-AA2D-E2316779A773}
	EndGlobalSection
EndGlobal
